// !$*UTF8*$!
{
	archiveVersion = 1;
	classes = {
	};
	objectVersion = 45;
	objects = {

/* Begin PBXBuildFile section */
		1D3623260D0F684500981E51 /* FalldownAppDelegate.m in Sources */ = {isa = PBXBuildFile; fileRef = 1D3623250D0F684500981E51 /* FalldownAppDelegate.m */; };
		1D60589B0D05DD56006BFB54 /* main.m in Sources */ = {isa = PBXBuildFile; fileRef = 29B97316FDCFA39411CA2CEA /* main.m */; };
		1D60589F0D05DD5A006BFB54 /* Foundation.framework in Frameworks */ = {isa = PBXBuildFile; fileRef = 1D30AB110D05D00D00671497 /* Foundation.framework */; };
		1DF5F4E00D08C38300B7A737 /* UIKit.framework in Frameworks */ = {isa = PBXBuildFile; fileRef = 1DF5F4DF0D08C38300B7A737 /* UIKit.framework */; };
		288765A50DF7441C002DB57D /* CoreGraphics.framework in Frameworks */ = {isa = PBXBuildFile; fileRef = 288765A40DF7441C002DB57D /* CoreGraphics.framework */; };
		2899E5220DE3E06400AC0155 /* FalldownViewController.xib in Resources */ = {isa = PBXBuildFile; fileRef = 2899E5210DE3E06400AC0155 /* FalldownViewController.xib */; };
		28AD733F0D9D9553002E5188 /* MainWindow.xib in Resources */ = {isa = PBXBuildFile; fileRef = 28AD733E0D9D9553002E5188 /* MainWindow.xib */; };
		EA03C95812C1846F00831769 /* PowerUp.m in Sources */ = {isa = PBXBuildFile; fileRef = EA03C95712C1846F00831769 /* PowerUp.m */; };
		EA13550D12C556F30098A3CB /* iAd.framework in Frameworks */ = {isa = PBXBuildFile; fileRef = EA13550C12C556F30098A3CB /* iAd.framework */; };
		EA13551D12C557C70098A3CB /* AdViewControl.m in Sources */ = {isa = PBXBuildFile; fileRef = EA13551C12C557C70098A3CB /* AdViewControl.m */; };
		EA1355BC12C5616F0098A3CB /* Appirater.m in Sources */ = {isa = PBXBuildFile; fileRef = EA1355BB12C5616F0098A3CB /* Appirater.m */; };
		EA1355E912C563D40098A3CB /* CFNetwork.framework in Frameworks */ = {isa = PBXBuildFile; fileRef = EA1355E812C563D40098A3CB /* CFNetwork.framework */; };
		EA1355ED12C563DD0098A3CB /* SystemConfiguration.framework in Frameworks */ = {isa = PBXBuildFile; fileRef = EA1355EC12C563DD0098A3CB /* SystemConfiguration.framework */; };
		EA38219612C68C9100572858 /* speed.png in Resources */ = {isa = PBXBuildFile; fileRef = EA38219512C68C9100572858 /* speed.png */; };
		EA38219A12C6905600572858 /* time.png in Resources */ = {isa = PBXBuildFile; fileRef = EA38219912C6905600572858 /* time.png */; };
		EA3821A612C695D500572858 /* plus.png in Resources */ = {isa = PBXBuildFile; fileRef = EA3821A512C695D500572858 /* plus.png */; };
		EA3821E612C6A90400572858 /* glowball.png in Resources */ = {isa = PBXBuildFile; fileRef = EA3821E512C6A90400572858 /* glowball.png */; };
		EA5C4EAB12C124B600C7915A /* block1.png in Resources */ = {isa = PBXBuildFile; fileRef = EA5C4EAA12C124B600C7915A /* block1.png */; };
		EA7CD01E1212F6F600DAABD6 /* Game.m in Sources */ = {isa = PBXBuildFile; fileRef = EA7CD01D1212F6F600DAABD6 /* Game.m */; };
		EA8AF2A312E200CA001B6AB0 /* Clouds-Background.png in Resources */ = {isa = PBXBuildFile; fileRef = EA8AF2A212E200CA001B6AB0 /* Clouds-Background.png */; };
		EA8AF2A512E200D1001B6AB0 /* Clouds-Background@2x.png in Resources */ = {isa = PBXBuildFile; fileRef = EA8AF2A412E200D1001B6AB0 /* Clouds-Background@2x.png */; };
		EA8AF31712E21EA0001B6AB0 /* High-Score-Icon.png in Resources */ = {isa = PBXBuildFile; fileRef = EA8AF31612E21EA0001B6AB0 /* High-Score-Icon.png */; };
		EA8AF32F12E21F17001B6AB0 /* Pause2.png in Resources */ = {isa = PBXBuildFile; fileRef = EA8AF32E12E21F17001B6AB0 /* Pause2.png */; };
		EA8AF33112E21F37001B6AB0 /* Score-display.png in Resources */ = {isa = PBXBuildFile; fileRef = EA8AF33012E21F37001B6AB0 /* Score-display.png */; };
		EA8C956912CF903A002CF904 /* scoreEntry.m in Sources */ = {isa = PBXBuildFile; fileRef = EA8C956812CF903A002CF904 /* scoreEntry.m */; };
		EA8C959612CF9B78002CF904 /* highScores.m in Sources */ = {isa = PBXBuildFile; fileRef = EA8C959512CF9B78002CF904 /* highScores.m */; };
		EA8C97C012D02EEB002CF904 /* submit.png in Resources */ = {isa = PBXBuildFile; fileRef = EA8C97BF12D02EEB002CF904 /* submit.png */; };
		EA8DD60B134545C4001F43A7 /* Clouds-Background2@2x.png in Resources */ = {isa = PBXBuildFile; fileRef = EA8DD60A134545C4001F43A7 /* Clouds-Background2@2x.png */; };
		EA8DD60D134545CB001F43A7 /* Clouds-Background2.png in Resources */ = {isa = PBXBuildFile; fileRef = EA8DD60C134545CB001F43A7 /* Clouds-Background2.png */; };
		EA8DD66D134557D2001F43A7 /* Background@2x.png in Resources */ = {isa = PBXBuildFile; fileRef = EA8DD66C134557D2001F43A7 /* Background@2x.png */; };
		EA8F5D8C139AADA40064556A /* Achievements.m in Sources */ = {isa = PBXBuildFile; fileRef = EA8F5D8B139AADA40064556A /* Achievements.m */; };
		EA8F5D9A139ABFC60064556A /* Achievements.png in Resources */ = {isa = PBXBuildFile; fileRef = EA8F5D99139ABFC60064556A /* Achievements.png */; };
		EA8F5D9C139AC0350064556A /* Achievements@2x.png in Resources */ = {isa = PBXBuildFile; fileRef = EA8F5D9B139AC0350064556A /* Achievements@2x.png */; };
		EA8F5D9E139AC0C10064556A /* Achievements-Colored.png in Resources */ = {isa = PBXBuildFile; fileRef = EA8F5D9D139AC0C10064556A /* Achievements-Colored.png */; };
		EA8F5DA0139AC0CE0064556A /* Achievements-Colored@2x.png in Resources */ = {isa = PBXBuildFile; fileRef = EA8F5D9F139AC0CD0064556A /* Achievements-Colored@2x.png */; };
		EA8F5DA2139AC1560064556A /* Options.png in Resources */ = {isa = PBXBuildFile; fileRef = EA8F5DA1139AC1560064556A /* Options.png */; };
		EA8F5DA4139AC16B0064556A /* Options@2x.png in Resources */ = {isa = PBXBuildFile; fileRef = EA8F5DA3139AC16B0064556A /* Options@2x.png */; };
		EA8F5DA6139AC1730064556A /* Options-Colored.png in Resources */ = {isa = PBXBuildFile; fileRef = EA8F5DA5139AC1730064556A /* Options-Colored.png */; };
		EA8F5DA8139AC17C0064556A /* Options-Colored@2x.png in Resources */ = {isa = PBXBuildFile; fileRef = EA8F5DA7139AC17C0064556A /* Options-Colored@2x.png */; };
		EA8F5DAA139AC1F80064556A /* Main-Menu-Background.png in Resources */ = {isa = PBXBuildFile; fileRef = EA8F5DA9139AC1F80064556A /* Main-Menu-Background.png */; };
		EA8F5DAC139AC2000064556A /* Main-Menu-Background@2x.png in Resources */ = {isa = PBXBuildFile; fileRef = EA8F5DAB139AC1FE0064556A /* Main-Menu-Background@2x.png */; };
		EA8F5DAE139AC2540064556A /* Tilt.png in Resources */ = {isa = PBXBuildFile; fileRef = EA8F5DAD139AC2540064556A /* Tilt.png */; };
		EA8F5DB0139AC25A0064556A /* Tilt@2x.png in Resources */ = {isa = PBXBuildFile; fileRef = EA8F5DAF139AC2590064556A /* Tilt@2x.png */; };
		EA8F5DB2139AC2B40064556A /* Tilt-Blue.png in Resources */ = {isa = PBXBuildFile; fileRef = EA8F5DB1139AC2B40064556A /* Tilt-Blue.png */; };
		EA8F5DB4139AC2BC0064556A /* Tilt-Blue@2x.png in Resources */ = {isa = PBXBuildFile; fileRef = EA8F5DB3139AC2BC0064556A /* Tilt-Blue@2x.png */; };
		EA8F5DB6139AC2F30064556A /* Touch.png in Resources */ = {isa = PBXBuildFile; fileRef = EA8F5DB5139AC2F30064556A /* Touch.png */; };
		EA8F5DB8139AC2F80064556A /* Touch@2x.png in Resources */ = {isa = PBXBuildFile; fileRef = EA8F5DB7139AC2F80064556A /* Touch@2x.png */; };
		EA8F5DBA139AC3080064556A /* Touch-Blue.png in Resources */ = {isa = PBXBuildFile; fileRef = EA8F5DB9139AC3070064556A /* Touch-Blue.png */; };
		EA8F5DBC139AC30D0064556A /* Touch-Blue@2x.png in Resources */ = {isa = PBXBuildFile; fileRef = EA8F5DBB139AC30D0064556A /* Touch-Blue@2x.png */; };
		EA8F5DBE139AC48C0064556A /* More.png in Resources */ = {isa = PBXBuildFile; fileRef = EA8F5DBD139AC48C0064556A /* More.png */; };
		EA8F5DC0139AC4940064556A /* More@2x.png in Resources */ = {isa = PBXBuildFile; fileRef = EA8F5DBF139AC4930064556A /* More@2x.png */; };
		EA929245139BCFF400E2E93C /* Back.png in Resources */ = {isa = PBXBuildFile; fileRef = EA929244139BCFF400E2E93C /* Back.png */; };
		EA929247139BD00100E2E93C /* Back@2x.png in Resources */ = {isa = PBXBuildFile; fileRef = EA929246139BD00100E2E93C /* Back@2x.png */; };
		EA929249139BD08200E2E93C /* High-Score-Background-Middle.png in Resources */ = {isa = PBXBuildFile; fileRef = EA929248139BD08200E2E93C /* High-Score-Background-Middle.png */; };
		EA92924B139BD08C00E2E93C /* High-Score-Background-Middle@2x.png in Resources */ = {isa = PBXBuildFile; fileRef = EA92924A139BD08C00E2E93C /* High-Score-Background-Middle@2x.png */; };
		EA92924D139BD09A00E2E93C /* High-Score-Background-Right.png in Resources */ = {isa = PBXBuildFile; fileRef = EA92924C139BD09A00E2E93C /* High-Score-Background-Right.png */; };
		EA92924F139BD0A000E2E93C /* High-Score-Background-Right@2x.png in Resources */ = {isa = PBXBuildFile; fileRef = EA92924E139BD0A000E2E93C /* High-Score-Background-Right@2x.png */; };
		EA929251139BD21C00E2E93C /* Easy.png in Resources */ = {isa = PBXBuildFile; fileRef = EA929250139BD21C00E2E93C /* Easy.png */; };
		EA929253139BD22300E2E93C /* Easy@2x.png in Resources */ = {isa = PBXBuildFile; fileRef = EA929252139BD22300E2E93C /* Easy@2x.png */; };
		EA929255139BD22A00E2E93C /* Hard.png in Resources */ = {isa = PBXBuildFile; fileRef = EA929254139BD22A00E2E93C /* Hard.png */; };
		EA929257139BD23000E2E93C /* Hard@2x.png in Resources */ = {isa = PBXBuildFile; fileRef = EA929256139BD23000E2E93C /* Hard@2x.png */; };
		EA929259139BD24800E2E93C /* Medium.png in Resources */ = {isa = PBXBuildFile; fileRef = EA929258139BD24800E2E93C /* Medium.png */; };
		EA92925B139BD24F00E2E93C /* Medium@2x.png in Resources */ = {isa = PBXBuildFile; fileRef = EA92925A139BD24F00E2E93C /* Medium@2x.png */; };
		EA92925D139BD34300E2E93C /* View-Scores.png in Resources */ = {isa = PBXBuildFile; fileRef = EA92925C139BD34300E2E93C /* View-Scores.png */; };
		EA92925F139BD34A00E2E93C /* View-Scores@2x.png in Resources */ = {isa = PBXBuildFile; fileRef = EA92925E139BD34A00E2E93C /* View-Scores@2x.png */; };
		EA929263139BDC8900E2E93C /* GameScroll.m in Sources */ = {isa = PBXBuildFile; fileRef = EA929262139BDC8900E2E93C /* GameScroll.m */; };
		EA929266139BDD7F00E2E93C /* DeployView.m in Sources */ = {isa = PBXBuildFile; fileRef = EA929265139BDD7F00E2E93C /* DeployView.m */; };
		EA929268139BDE4000E2E93C /* Deployed-Background.png in Resources */ = {isa = PBXBuildFile; fileRef = EA929267139BDE4000E2E93C /* Deployed-Background.png */; };
		EA92926A139BDE4A00E2E93C /* Deployed-Background@2x.png in Resources */ = {isa = PBXBuildFile; fileRef = EA929269139BDE4A00E2E93C /* Deployed-Background@2x.png */; };
		EA92926C139BDE9500E2E93C /* Close.png in Resources */ = {isa = PBXBuildFile; fileRef = EA92926B139BDE9500E2E93C /* Close.png */; };
		EA92926E139BDE9D00E2E93C /* Close@2x.png in Resources */ = {isa = PBXBuildFile; fileRef = EA92926D139BDE9D00E2E93C /* Close@2x.png */; };
		EA929270139BDFEE00E2E93C /* GF-Online.png in Resources */ = {isa = PBXBuildFile; fileRef = EA92926F139BDFEE00E2E93C /* GF-Online.png */; };
		EA929272139BDFF300E2E93C /* GF-Online@2x.png in Resources */ = {isa = PBXBuildFile; fileRef = EA929271139BDFF300E2E93C /* GF-Online@2x.png */; };
		EA929274139BE02D00E2E93C /* GF-Button.png in Resources */ = {isa = PBXBuildFile; fileRef = EA929273139BE02D00E2E93C /* GF-Button.png */; };
		EA929276139BE03200E2E93C /* GF-Button@2x.png in Resources */ = {isa = PBXBuildFile; fileRef = EA929275139BE03200E2E93C /* GF-Button@2x.png */; };
		EA929278139BE06300E2E93C /* Facebook.png in Resources */ = {isa = PBXBuildFile; fileRef = EA929277139BE06300E2E93C /* Facebook.png */; };
		EA92927A139BE06800E2E93C /* Facebook@2x.png in Resources */ = {isa = PBXBuildFile; fileRef = EA929279139BE06800E2E93C /* Facebook@2x.png */; };
		EA92927C139BE07400E2E93C /* Twitter.png in Resources */ = {isa = PBXBuildFile; fileRef = EA92927B139BE07400E2E93C /* Twitter.png */; };
		EA92927E139BE07A00E2E93C /* Twitter@2x.png in Resources */ = {isa = PBXBuildFile; fileRef = EA92927D139BE07A00E2E93C /* Twitter@2x.png */; };
		EA929280139BE08E00E2E93C /* Apple.png in Resources */ = {isa = PBXBuildFile; fileRef = EA92927F139BE08E00E2E93C /* Apple.png */; };
		EA929282139BE09200E2E93C /* Apple@2x.png in Resources */ = {isa = PBXBuildFile; fileRef = EA929281139BE09200E2E93C /* Apple@2x.png */; };
		EA929284139BE13C00E2E93C /* GF-Apps.png in Resources */ = {isa = PBXBuildFile; fileRef = EA929283139BE13C00E2E93C /* GF-Apps.png */; };
		EA929286139BE14000E2E93C /* GF-Apps@2x.png in Resources */ = {isa = PBXBuildFile; fileRef = EA929285139BE14000E2E93C /* GF-Apps@2x.png */; };
		EA929288139BE5ED00E2E93C /* Download.png in Resources */ = {isa = PBXBuildFile; fileRef = EA929287139BE5ED00E2E93C /* Download.png */; };
		EA92928A139BE5F700E2E93C /* Download@2x.png in Resources */ = {isa = PBXBuildFile; fileRef = EA929289139BE5F700E2E93C /* Download@2x.png */; };
		EA97E67512D8CD500075F907 /* Cloud-Background@2x.png in Resources */ = {isa = PBXBuildFile; fileRef = EA97E67412D8CD500075F907 /* Cloud-Background@2x.png */; };
		EA97E6A812D8D24A0075F907 /* mountain@2x.png in Resources */ = {isa = PBXBuildFile; fileRef = EA97E6A712D8D24A0075F907 /* mountain@2x.png */; };
		EA97E6E612D8D6580075F907 /* Scoretop@2x.png in Resources */ = {isa = PBXBuildFile; fileRef = EA97E6E512D8D6580075F907 /* Scoretop@2x.png */; };
		EA97E6EA12D8D7CA0075F907 /* highscore2@2x.png in Resources */ = {isa = PBXBuildFile; fileRef = EA97E6E912D8D7CA0075F907 /* highscore2@2x.png */; };
		EA9887BF139BCD650013A2A3 /* High-Score-Background-Left.png in Resources */ = {isa = PBXBuildFile; fileRef = EA9887BE139BCD650013A2A3 /* High-Score-Background-Left.png */; };
		EA9887C1139BCD6B0013A2A3 /* High-Score-Background-Left@2x.png in Resources */ = {isa = PBXBuildFile; fileRef = EA9887C0139BCD6B0013A2A3 /* High-Score-Background-Left@2x.png */; };
		EAA248FA12BAD12F00A141BE /* Block.m in Sources */ = {isa = PBXBuildFile; fileRef = EAA248F912BAD12F00A141BE /* Block.m */; };
		EAA6144E12D1449500C5071D /* done.png in Resources */ = {isa = PBXBuildFile; fileRef = EAA6144D12D1449500C5071D /* done.png */; };
		EAA6145412D14ED200C5071D /* Icon@2x.png in Resources */ = {isa = PBXBuildFile; fileRef = EAA6145312D14ED200C5071D /* Icon@2x.png */; };
		EAA6147D12D168AE00C5071D /* hallback.png in Resources */ = {isa = PBXBuildFile; fileRef = EAA6147C12D168AE00C5071D /* hallback.png */; };
		EAA6148312D16AAD00C5071D /* pause.png in Resources */ = {isa = PBXBuildFile; fileRef = EAA6148212D16AAD00C5071D /* pause.png */; };
		EAA614B212D17B2700C5071D /* loadscreen.png in Resources */ = {isa = PBXBuildFile; fileRef = EAA614B112D17B2700C5071D /* loadscreen.png */; };
		EAA614C012D17C3C00C5071D /* gf.png in Resources */ = {isa = PBXBuildFile; fileRef = EAA614BF12D17C3C00C5071D /* gf.png */; };
		EAAC4FCF12C2946B00B417CA /* rball.png in Resources */ = {isa = PBXBuildFile; fileRef = EAAC4FCE12C2946B00B417CA /* rball.png */; };
		EAB41A0212C65F060006F3C6 /* Icon.png in Resources */ = {isa = PBXBuildFile; fileRef = EAB41A0112C65F060006F3C6 /* Icon.png */; };
		EAB41A0B12C664010006F3C6 /* select.png in Resources */ = {isa = PBXBuildFile; fileRef = EAB41A0A12C664010006F3C6 /* select.png */; };
		EAB41A0F12C664D90006F3C6 /* restart.png in Resources */ = {isa = PBXBuildFile; fileRef = EAB41A0E12C664D90006F3C6 /* restart.png */; };
		EABBF7C712BDA191000AE181 /* QuartzCore.framework in Frameworks */ = {isa = PBXBuildFile; fileRef = EABBF7C612BDA191000AE181 /* QuartzCore.framework */; };
		EAC4E56E12D2B23100876E1D /* libAdMob.a in Frameworks */ = {isa = PBXBuildFile; fileRef = EAC4E56D12D2B23100876E1D /* libAdMob.a */; };
		EAC4E57E12D2B24B00876E1D /* AudioToolbox.framework in Frameworks */ = {isa = PBXBuildFile; fileRef = EAC4E57D12D2B24B00876E1D /* AudioToolbox.framework */; };
		EAC4E58212D2B25D00876E1D /* MediaPlayer.framework in Frameworks */ = {isa = PBXBuildFile; fileRef = EAC4E58112D2B25D00876E1D /* MediaPlayer.framework */; };
		EAC4E58612D2B26C00876E1D /* MessageUI.framework in Frameworks */ = {isa = PBXBuildFile; fileRef = EAC4E58512D2B26C00876E1D /* MessageUI.framework */; };
		EAC4E5A012D2B29600876E1D /* CDataScanner.m in Sources */ = {isa = PBXBuildFile; fileRef = EAC4E58B12D2B29600876E1D /* CDataScanner.m */; };
		EAC4E5A112D2B29600876E1D /* CDataScanner_Extensions.m in Sources */ = {isa = PBXBuildFile; fileRef = EAC4E58E12D2B29600876E1D /* CDataScanner_Extensions.m */; };
		EAC4E5A212D2B29600876E1D /* NSCharacterSet_Extensions.m in Sources */ = {isa = PBXBuildFile; fileRef = EAC4E59012D2B29600876E1D /* NSCharacterSet_Extensions.m */; };
		EAC4E5A312D2B29600876E1D /* NSDictionary_JSONExtensions.m in Sources */ = {isa = PBXBuildFile; fileRef = EAC4E59212D2B29600876E1D /* NSDictionary_JSONExtensions.m */; };
		EAC4E5A412D2B29600876E1D /* NSScanner_Extensions.m in Sources */ = {isa = PBXBuildFile; fileRef = EAC4E59412D2B29600876E1D /* NSScanner_Extensions.m */; };
		EAC4E5A512D2B29600876E1D /* CJSONDataSerializer.m in Sources */ = {isa = PBXBuildFile; fileRef = EAC4E59712D2B29600876E1D /* CJSONDataSerializer.m */; };
		EAC4E5A612D2B29600876E1D /* CJSONDeserializer.m in Sources */ = {isa = PBXBuildFile; fileRef = EAC4E59912D2B29600876E1D /* CJSONDeserializer.m */; };
		EAC4E5A712D2B29600876E1D /* CJSONScanner.m in Sources */ = {isa = PBXBuildFile; fileRef = EAC4E59B12D2B29600876E1D /* CJSONScanner.m */; };
		EAC4E5A812D2B29600876E1D /* CJSONSerializer.m in Sources */ = {isa = PBXBuildFile; fileRef = EAC4E59D12D2B29600876E1D /* CJSONSerializer.m */; };
		EAC4E5A912D2B29600876E1D /* CSerializedJSONData.m in Sources */ = {isa = PBXBuildFile; fileRef = EAC4E59F12D2B29600876E1D /* CSerializedJSONData.m */; };
		EAC4E5B712D2B46C00876E1D /* AdMobDelegate.m in Sources */ = {isa = PBXBuildFile; fileRef = EAC4E5B612D2B46C00876E1D /* AdMobDelegate.m */; };
		EAC4E67612D2D73500876E1D /* hsimage.png in Resources */ = {isa = PBXBuildFile; fileRef = EAC4E67512D2D73500876E1D /* hsimage.png */; };
/* End PBXBuildFile section */

/* Begin PBXFileReference section */
		1D30AB110D05D00D00671497 /* Foundation.framework */ = {isa = PBXFileReference; lastKnownFileType = wrapper.framework; name = Foundation.framework; path = System/Library/Frameworks/Foundation.framework; sourceTree = SDKROOT; };
		1D3623240D0F684500981E51 /* FalldownAppDelegate.h */ = {isa = PBXFileReference; fileEncoding = 4; lastKnownFileType = sourcecode.c.h; path = FalldownAppDelegate.h; sourceTree = "<group>"; };
		1D3623250D0F684500981E51 /* FalldownAppDelegate.m */ = {isa = PBXFileReference; fileEncoding = 4; lastKnownFileType = sourcecode.c.objc; path = FalldownAppDelegate.m; sourceTree = "<group>"; };
		1DF5F4DF0D08C38300B7A737 /* UIKit.framework */ = {isa = PBXFileReference; lastKnownFileType = wrapper.framework; name = UIKit.framework; path = System/Library/Frameworks/UIKit.framework; sourceTree = SDKROOT; };
		288765A40DF7441C002DB57D /* CoreGraphics.framework */ = {isa = PBXFileReference; lastKnownFileType = wrapper.framework; name = CoreGraphics.framework; path = System/Library/Frameworks/CoreGraphics.framework; sourceTree = SDKROOT; };
		2899E5210DE3E06400AC0155 /* FalldownViewController.xib */ = {isa = PBXFileReference; lastKnownFileType = file.xib; path = FalldownViewController.xib; sourceTree = "<group>"; };
		28AD733E0D9D9553002E5188 /* MainWindow.xib */ = {isa = PBXFileReference; lastKnownFileType = file.xib; path = MainWindow.xib; sourceTree = "<group>"; };
		29B97316FDCFA39411CA2CEA /* main.m */ = {isa = PBXFileReference; fileEncoding = 4; lastKnownFileType = sourcecode.c.objc; path = main.m; sourceTree = "<group>"; };
		32CA4F630368D1EE00C91783 /* Falldown_Prefix.pch */ = {isa = PBXFileReference; fileEncoding = 4; lastKnownFileType = sourcecode.c.h; path = Falldown_Prefix.pch; sourceTree = "<group>"; };
		8D1107310486CEB800E47090 /* Falldown-Info.plist */ = {isa = PBXFileReference; fileEncoding = 4; lastKnownFileType = text.plist.xml; path = "Falldown-Info.plist"; plistStructureDefinitionIdentifier = "com.apple.xcode.plist.structure-definition.iphone.info-plist"; sourceTree = "<group>"; };
		EA03C95612C1846F00831769 /* PowerUp.h */ = {isa = PBXFileReference; fileEncoding = 4; lastKnownFileType = sourcecode.c.h; path = PowerUp.h; sourceTree = "<group>"; };
		EA03C95712C1846F00831769 /* PowerUp.m */ = {isa = PBXFileReference; fileEncoding = 4; lastKnownFileType = sourcecode.c.objc; path = PowerUp.m; sourceTree = "<group>"; };
		EA13550C12C556F30098A3CB /* iAd.framework */ = {isa = PBXFileReference; lastKnownFileType = wrapper.framework; name = iAd.framework; path = System/Library/Frameworks/iAd.framework; sourceTree = SDKROOT; };
		EA13551B12C557C70098A3CB /* AdViewControl.h */ = {isa = PBXFileReference; fileEncoding = 4; lastKnownFileType = sourcecode.c.h; path = AdViewControl.h; sourceTree = "<group>"; };
		EA13551C12C557C70098A3CB /* AdViewControl.m */ = {isa = PBXFileReference; fileEncoding = 4; lastKnownFileType = sourcecode.c.objc; path = AdViewControl.m; sourceTree = "<group>"; };
		EA1355BA12C5616F0098A3CB /* Appirater.h */ = {isa = PBXFileReference; fileEncoding = 4; lastKnownFileType = sourcecode.c.h; path = Appirater.h; sourceTree = "<group>"; };
		EA1355BB12C5616F0098A3CB /* Appirater.m */ = {isa = PBXFileReference; fileEncoding = 4; lastKnownFileType = sourcecode.c.objc; path = Appirater.m; sourceTree = "<group>"; };
		EA1355E812C563D40098A3CB /* CFNetwork.framework */ = {isa = PBXFileReference; lastKnownFileType = wrapper.framework; name = CFNetwork.framework; path = System/Library/Frameworks/CFNetwork.framework; sourceTree = SDKROOT; };
		EA1355EC12C563DD0098A3CB /* SystemConfiguration.framework */ = {isa = PBXFileReference; lastKnownFileType = wrapper.framework; name = SystemConfiguration.framework; path = System/Library/Frameworks/SystemConfiguration.framework; sourceTree = SDKROOT; };
		EA38219512C68C9100572858 /* speed.png */ = {isa = PBXFileReference; lastKnownFileType = image.png; path = speed.png; sourceTree = "<group>"; };
		EA38219912C6905600572858 /* time.png */ = {isa = PBXFileReference; lastKnownFileType = image.png; path = time.png; sourceTree = "<group>"; };
		EA3821A512C695D500572858 /* plus.png */ = {isa = PBXFileReference; lastKnownFileType = image.png; path = plus.png; sourceTree = "<group>"; };
		EA3821E512C6A90400572858 /* glowball.png */ = {isa = PBXFileReference; lastKnownFileType = image.png; path = glowball.png; sourceTree = "<group>"; };
		EA5C4EAA12C124B600C7915A /* block1.png */ = {isa = PBXFileReference; lastKnownFileType = image.png; path = block1.png; sourceTree = "<group>"; };
		EA7CD01C1212F6F600DAABD6 /* Game.h */ = {isa = PBXFileReference; fileEncoding = 4; lastKnownFileType = sourcecode.c.h; path = Game.h; sourceTree = "<group>"; };
		EA7CD01D1212F6F600DAABD6 /* Game.m */ = {isa = PBXFileReference; fileEncoding = 4; lastKnownFileType = sourcecode.c.objc; path = Game.m; sourceTree = "<group>"; };
		EA8AF2A212E200CA001B6AB0 /* Clouds-Background.png */ = {isa = PBXFileReference; lastKnownFileType = image.png; path = "Clouds-Background.png"; sourceTree = "<group>"; };
		EA8AF2A412E200D1001B6AB0 /* Clouds-Background@2x.png */ = {isa = PBXFileReference; lastKnownFileType = image.png; path = "Clouds-Background@2x.png"; sourceTree = "<group>"; };
		EA8AF31612E21EA0001B6AB0 /* High-Score-Icon.png */ = {isa = PBXFileReference; lastKnownFileType = image.png; path = "High-Score-Icon.png"; sourceTree = "<group>"; };
		EA8AF32E12E21F17001B6AB0 /* Pause2.png */ = {isa = PBXFileReference; lastKnownFileType = image.png; path = Pause2.png; sourceTree = "<group>"; };
		EA8AF33012E21F37001B6AB0 /* Score-display.png */ = {isa = PBXFileReference; lastKnownFileType = image.png; path = "Score-display.png"; sourceTree = "<group>"; };
		EA8BA96312C062C100986E43 /* Falldown.app */ = {isa = PBXFileReference; explicitFileType = wrapper.application; includeInIndex = 0; path = Falldown.app; sourceTree = BUILT_PRODUCTS_DIR; };
		EA8C956712CF903A002CF904 /* scoreEntry.h */ = {isa = PBXFileReference; fileEncoding = 4; lastKnownFileType = sourcecode.c.h; path = scoreEntry.h; sourceTree = "<group>"; };
		EA8C956812CF903A002CF904 /* scoreEntry.m */ = {isa = PBXFileReference; fileEncoding = 4; lastKnownFileType = sourcecode.c.objc; path = scoreEntry.m; sourceTree = "<group>"; };
		EA8C959412CF9B78002CF904 /* highScores.h */ = {isa = PBXFileReference; fileEncoding = 4; lastKnownFileType = sourcecode.c.h; path = highScores.h; sourceTree = "<group>"; };
		EA8C959512CF9B78002CF904 /* highScores.m */ = {isa = PBXFileReference; fileEncoding = 4; lastKnownFileType = sourcecode.c.objc; path = highScores.m; sourceTree = "<group>"; };
		EA8C97BF12D02EEB002CF904 /* submit.png */ = {isa = PBXFileReference; lastKnownFileType = image.png; path = submit.png; sourceTree = "<group>"; };
		EA8DD60A134545C4001F43A7 /* Clouds-Background2@2x.png */ = {isa = PBXFileReference; lastKnownFileType = image.png; path = "Clouds-Background2@2x.png"; sourceTree = "<group>"; };
		EA8DD60C134545CB001F43A7 /* Clouds-Background2.png */ = {isa = PBXFileReference; lastKnownFileType = image.png; path = "Clouds-Background2.png"; sourceTree = "<group>"; };
		EA8DD66C134557D2001F43A7 /* Background@2x.png */ = {isa = PBXFileReference; lastKnownFileType = image.png; path = "Background@2x.png"; sourceTree = "<group>"; };
		EA8F5D8A139AADA40064556A /* Achievements.h */ = {isa = PBXFileReference; fileEncoding = 4; lastKnownFileType = sourcecode.c.h; path = Achievements.h; sourceTree = "<group>"; };
		EA8F5D8B139AADA40064556A /* Achievements.m */ = {isa = PBXFileReference; fileEncoding = 4; lastKnownFileType = sourcecode.c.objc; path = Achievements.m; sourceTree = "<group>"; };
		EA8F5D99139ABFC60064556A /* Achievements.png */ = {isa = PBXFileReference; lastKnownFileType = image.png; path = Achievements.png; sourceTree = "<group>"; };
		EA8F5D9B139AC0350064556A /* Achievements@2x.png */ = {isa = PBXFileReference; lastKnownFileType = image.png; path = "Achievements@2x.png"; sourceTree = "<group>"; };
		EA8F5D9D139AC0C10064556A /* Achievements-Colored.png */ = {isa = PBXFileReference; lastKnownFileType = image.png; path = "Achievements-Colored.png"; sourceTree = "<group>"; };
		EA8F5D9F139AC0CD0064556A /* Achievements-Colored@2x.png */ = {isa = PBXFileReference; lastKnownFileType = image.png; path = "Achievements-Colored@2x.png"; sourceTree = "<group>"; };
		EA8F5DA1139AC1560064556A /* Options.png */ = {isa = PBXFileReference; lastKnownFileType = image.png; path = Options.png; sourceTree = "<group>"; };
		EA8F5DA3139AC16B0064556A /* Options@2x.png */ = {isa = PBXFileReference; lastKnownFileType = image.png; path = "Options@2x.png"; sourceTree = "<group>"; };
		EA8F5DA5139AC1730064556A /* Options-Colored.png */ = {isa = PBXFileReference; lastKnownFileType = image.png; path = "Options-Colored.png"; sourceTree = "<group>"; };
		EA8F5DA7139AC17C0064556A /* Options-Colored@2x.png */ = {isa = PBXFileReference; lastKnownFileType = image.png; path = "Options-Colored@2x.png"; sourceTree = "<group>"; };
		EA8F5DA9139AC1F80064556A /* Main-Menu-Background.png */ = {isa = PBXFileReference; lastKnownFileType = image.png; path = "Main-Menu-Background.png"; sourceTree = "<group>"; };
		EA8F5DAB139AC1FE0064556A /* Main-Menu-Background@2x.png */ = {isa = PBXFileReference; lastKnownFileType = image.png; path = "Main-Menu-Background@2x.png"; sourceTree = "<group>"; };
		EA8F5DAD139AC2540064556A /* Tilt.png */ = {isa = PBXFileReference; lastKnownFileType = image.png; path = Tilt.png; sourceTree = "<group>"; };
		EA8F5DAF139AC2590064556A /* Tilt@2x.png */ = {isa = PBXFileReference; lastKnownFileType = image.png; path = "Tilt@2x.png"; sourceTree = "<group>"; };
		EA8F5DB1139AC2B40064556A /* Tilt-Blue.png */ = {isa = PBXFileReference; lastKnownFileType = image.png; path = "Tilt-Blue.png"; sourceTree = "<group>"; };
		EA8F5DB3139AC2BC0064556A /* Tilt-Blue@2x.png */ = {isa = PBXFileReference; lastKnownFileType = image.png; path = "Tilt-Blue@2x.png"; sourceTree = "<group>"; };
		EA8F5DB5139AC2F30064556A /* Touch.png */ = {isa = PBXFileReference; lastKnownFileType = image.png; path = Touch.png; sourceTree = "<group>"; };
		EA8F5DB7139AC2F80064556A /* Touch@2x.png */ = {isa = PBXFileReference; lastKnownFileType = image.png; path = "Touch@2x.png"; sourceTree = "<group>"; };
		EA8F5DB9139AC3070064556A /* Touch-Blue.png */ = {isa = PBXFileReference; lastKnownFileType = image.png; path = "Touch-Blue.png"; sourceTree = "<group>"; };
		EA8F5DBB139AC30D0064556A /* Touch-Blue@2x.png */ = {isa = PBXFileReference; lastKnownFileType = image.png; path = "Touch-Blue@2x.png"; sourceTree = "<group>"; };
		EA8F5DBD139AC48C0064556A /* More.png */ = {isa = PBXFileReference; lastKnownFileType = image.png; path = More.png; sourceTree = "<group>"; };
		EA8F5DBF139AC4930064556A /* More@2x.png */ = {isa = PBXFileReference; lastKnownFileType = image.png; path = "More@2x.png"; sourceTree = "<group>"; };
		EA929244139BCFF400E2E93C /* Back.png */ = {isa = PBXFileReference; lastKnownFileType = image.png; path = Back.png; sourceTree = "<group>"; };
		EA929246139BD00100E2E93C /* Back@2x.png */ = {isa = PBXFileReference; lastKnownFileType = image.png; path = "Back@2x.png"; sourceTree = "<group>"; };
		EA929248139BD08200E2E93C /* High-Score-Background-Middle.png */ = {isa = PBXFileReference; lastKnownFileType = image.png; path = "High-Score-Background-Middle.png"; sourceTree = "<group>"; };
		EA92924A139BD08C00E2E93C /* High-Score-Background-Middle@2x.png */ = {isa = PBXFileReference; lastKnownFileType = image.png; path = "High-Score-Background-Middle@2x.png"; sourceTree = "<group>"; };
		EA92924C139BD09A00E2E93C /* High-Score-Background-Right.png */ = {isa = PBXFileReference; lastKnownFileType = image.png; path = "High-Score-Background-Right.png"; sourceTree = "<group>"; };
		EA92924E139BD0A000E2E93C /* High-Score-Background-Right@2x.png */ = {isa = PBXFileReference; lastKnownFileType = image.png; path = "High-Score-Background-Right@2x.png"; sourceTree = "<group>"; };
		EA929250139BD21C00E2E93C /* Easy.png */ = {isa = PBXFileReference; lastKnownFileType = image.png; path = Easy.png; sourceTree = "<group>"; };
		EA929252139BD22300E2E93C /* Easy@2x.png */ = {isa = PBXFileReference; lastKnownFileType = image.png; path = "Easy@2x.png"; sourceTree = "<group>"; };
		EA929254139BD22A00E2E93C /* Hard.png */ = {isa = PBXFileReference; lastKnownFileType = image.png; path = Hard.png; sourceTree = "<group>"; };
		EA929256139BD23000E2E93C /* Hard@2x.png */ = {isa = PBXFileReference; lastKnownFileType = image.png; path = "Hard@2x.png"; sourceTree = "<group>"; };
		EA929258139BD24800E2E93C /* Medium.png */ = {isa = PBXFileReference; lastKnownFileType = image.png; path = Medium.png; sourceTree = "<group>"; };
		EA92925A139BD24F00E2E93C /* Medium@2x.png */ = {isa = PBXFileReference; lastKnownFileType = image.png; path = "Medium@2x.png"; sourceTree = "<group>"; };
		EA92925C139BD34300E2E93C /* View-Scores.png */ = {isa = PBXFileReference; lastKnownFileType = image.png; path = "View-Scores.png"; sourceTree = "<group>"; };
		EA92925E139BD34A00E2E93C /* View-Scores@2x.png */ = {isa = PBXFileReference; lastKnownFileType = image.png; path = "View-Scores@2x.png"; sourceTree = "<group>"; };
		EA929261139BDC8900E2E93C /* GameScroll.h */ = {isa = PBXFileReference; fileEncoding = 4; lastKnownFileType = sourcecode.c.h; path = GameScroll.h; sourceTree = "<group>"; };
		EA929262139BDC8900E2E93C /* GameScroll.m */ = {isa = PBXFileReference; fileEncoding = 4; lastKnownFileType = sourcecode.c.objc; path = GameScroll.m; sourceTree = "<group>"; };
		EA929264139BDD7F00E2E93C /* DeployView.h */ = {isa = PBXFileReference; fileEncoding = 4; lastKnownFileType = sourcecode.c.h; path = DeployView.h; sourceTree = "<group>"; };
		EA929265139BDD7F00E2E93C /* DeployView.m */ = {isa = PBXFileReference; fileEncoding = 4; lastKnownFileType = sourcecode.c.objc; path = DeployView.m; sourceTree = "<group>"; };
		EA929267139BDE4000E2E93C /* Deployed-Background.png */ = {isa = PBXFileReference; lastKnownFileType = image.png; path = "Deployed-Background.png"; sourceTree = "<group>"; };
		EA929269139BDE4A00E2E93C /* Deployed-Background@2x.png */ = {isa = PBXFileReference; lastKnownFileType = image.png; path = "Deployed-Background@2x.png"; sourceTree = "<group>"; };
		EA92926B139BDE9500E2E93C /* Close.png */ = {isa = PBXFileReference; lastKnownFileType = image.png; path = Close.png; sourceTree = "<group>"; };
		EA92926D139BDE9D00E2E93C /* Close@2x.png */ = {isa = PBXFileReference; lastKnownFileType = image.png; path = "Close@2x.png"; sourceTree = "<group>"; };
		EA92926F139BDFEE00E2E93C /* GF-Online.png */ = {isa = PBXFileReference; lastKnownFileType = image.png; path = "GF-Online.png"; sourceTree = "<group>"; };
		EA929271139BDFF300E2E93C /* GF-Online@2x.png */ = {isa = PBXFileReference; lastKnownFileType = image.png; path = "GF-Online@2x.png"; sourceTree = "<group>"; };
		EA929273139BE02D00E2E93C /* GF-Button.png */ = {isa = PBXFileReference; lastKnownFileType = image.png; path = "GF-Button.png"; sourceTree = "<group>"; };
		EA929275139BE03200E2E93C /* GF-Button@2x.png */ = {isa = PBXFileReference; lastKnownFileType = image.png; path = "GF-Button@2x.png"; sourceTree = "<group>"; };
		EA929277139BE06300E2E93C /* Facebook.png */ = {isa = PBXFileReference; lastKnownFileType = image.png; path = Facebook.png; sourceTree = "<group>"; };
		EA929279139BE06800E2E93C /* Facebook@2x.png */ = {isa = PBXFileReference; lastKnownFileType = image.png; path = "Facebook@2x.png"; sourceTree = "<group>"; };
		EA92927B139BE07400E2E93C /* Twitter.png */ = {isa = PBXFileReference; lastKnownFileType = image.png; path = Twitter.png; sourceTree = "<group>"; };
		EA92927D139BE07A00E2E93C /* Twitter@2x.png */ = {isa = PBXFileReference; lastKnownFileType = image.png; path = "Twitter@2x.png"; sourceTree = "<group>"; };
		EA92927F139BE08E00E2E93C /* Apple.png */ = {isa = PBXFileReference; lastKnownFileType = image.png; path = Apple.png; sourceTree = "<group>"; };
		EA929281139BE09200E2E93C /* Apple@2x.png */ = {isa = PBXFileReference; lastKnownFileType = image.png; path = "Apple@2x.png"; sourceTree = "<group>"; };
		EA929283139BE13C00E2E93C /* GF-Apps.png */ = {isa = PBXFileReference; lastKnownFileType = image.png; path = "GF-Apps.png"; sourceTree = "<group>"; };
		EA929285139BE14000E2E93C /* GF-Apps@2x.png */ = {isa = PBXFileReference; lastKnownFileType = image.png; path = "GF-Apps@2x.png"; sourceTree = "<group>"; };
		EA929287139BE5ED00E2E93C /* Download.png */ = {isa = PBXFileReference; lastKnownFileType = image.png; path = Download.png; sourceTree = "<group>"; };
		EA929289139BE5F700E2E93C /* Download@2x.png */ = {isa = PBXFileReference; lastKnownFileType = image.png; path = "Download@2x.png"; sourceTree = "<group>"; };
		EA97E67412D8CD500075F907 /* Cloud-Background@2x.png */ = {isa = PBXFileReference; lastKnownFileType = image.png; path = "Cloud-Background@2x.png"; sourceTree = "<group>"; };
		EA97E6A712D8D24A0075F907 /* mountain@2x.png */ = {isa = PBXFileReference; lastKnownFileType = image.png; path = "mountain@2x.png"; sourceTree = "<group>"; };
		EA97E6E512D8D6580075F907 /* Scoretop@2x.png */ = {isa = PBXFileReference; lastKnownFileType = image.png; path = "Scoretop@2x.png"; sourceTree = "<group>"; };
		EA97E6E912D8D7CA0075F907 /* highscore2@2x.png */ = {isa = PBXFileReference; lastKnownFileType = image.png; path = "highscore2@2x.png"; sourceTree = "<group>"; };
		EA9887BE139BCD650013A2A3 /* High-Score-Background-Left.png */ = {isa = PBXFileReference; lastKnownFileType = image.png; path = "High-Score-Background-Left.png"; sourceTree = "<group>"; };
		EA9887C0139BCD6B0013A2A3 /* High-Score-Background-Left@2x.png */ = {isa = PBXFileReference; lastKnownFileType = image.png; path = "High-Score-Background-Left@2x.png"; sourceTree = "<group>"; };
		EAA248F812BAD12F00A141BE /* Block.h */ = {isa = PBXFileReference; fileEncoding = 4; lastKnownFileType = sourcecode.c.h; path = Block.h; sourceTree = "<group>"; };
		EAA248F912BAD12F00A141BE /* Block.m */ = {isa = PBXFileReference; fileEncoding = 4; lastKnownFileType = sourcecode.c.objc; path = Block.m; sourceTree = "<group>"; };
		EAA6144D12D1449500C5071D /* done.png */ = {isa = PBXFileReference; lastKnownFileType = image.png; path = done.png; sourceTree = "<group>"; };
		EAA6145312D14ED200C5071D /* Icon@2x.png */ = {isa = PBXFileReference; lastKnownFileType = image.png; path = "Icon@2x.png"; sourceTree = "<group>"; };
		EAA6147C12D168AE00C5071D /* hallback.png */ = {isa = PBXFileReference; lastKnownFileType = image.png; path = hallback.png; sourceTree = "<group>"; };
		EAA6148212D16AAD00C5071D /* pause.png */ = {isa = PBXFileReference; lastKnownFileType = image.png; path = pause.png; sourceTree = "<group>"; };
		EAA614B112D17B2700C5071D /* loadscreen.png */ = {isa = PBXFileReference; lastKnownFileType = image.png; path = loadscreen.png; sourceTree = "<group>"; };
		EAA614BF12D17C3C00C5071D /* gf.png */ = {isa = PBXFileReference; lastKnownFileType = image.png; path = gf.png; sourceTree = "<group>"; };
		EAAC4FCE12C2946B00B417CA /* rball.png */ = {isa = PBXFileReference; lastKnownFileType = image.png; path = rball.png; sourceTree = "<group>"; };
		EAB41A0112C65F060006F3C6 /* Icon.png */ = {isa = PBXFileReference; lastKnownFileType = image.png; path = Icon.png; sourceTree = "<group>"; };
		EAB41A0A12C664010006F3C6 /* select.png */ = {isa = PBXFileReference; lastKnownFileType = image.png; path = select.png; sourceTree = "<group>"; };
		EAB41A0E12C664D90006F3C6 /* restart.png */ = {isa = PBXFileReference; lastKnownFileType = image.png; path = restart.png; sourceTree = "<group>"; };
		EABBF7C612BDA191000AE181 /* QuartzCore.framework */ = {isa = PBXFileReference; lastKnownFileType = wrapper.framework; name = QuartzCore.framework; path = System/Library/Frameworks/QuartzCore.framework; sourceTree = SDKROOT; };
		EAC4E56912D2B23100876E1D /* AdMobDelegateProtocol.h */ = {isa = PBXFileReference; fileEncoding = 4; lastKnownFileType = sourcecode.c.h; path = AdMobDelegateProtocol.h; sourceTree = "<group>"; };
		EAC4E56A12D2B23100876E1D /* AdMobInterstitialAd.h */ = {isa = PBXFileReference; fileEncoding = 4; lastKnownFileType = sourcecode.c.h; path = AdMobInterstitialAd.h; sourceTree = "<group>"; };
		EAC4E56B12D2B23100876E1D /* AdMobInterstitialDelegateProtocol.h */ = {isa = PBXFileReference; fileEncoding = 4; lastKnownFileType = sourcecode.c.h; path = AdMobInterstitialDelegateProtocol.h; sourceTree = "<group>"; };
		EAC4E56C12D2B23100876E1D /* AdMobView.h */ = {isa = PBXFileReference; fileEncoding = 4; lastKnownFileType = sourcecode.c.h; path = AdMobView.h; sourceTree = "<group>"; };
		EAC4E56D12D2B23100876E1D /* libAdMob.a */ = {isa = PBXFileReference; lastKnownFileType = archive.ar; path = libAdMob.a; sourceTree = "<group>"; };
		EAC4E57D12D2B24B00876E1D /* AudioToolbox.framework */ = {isa = PBXFileReference; lastKnownFileType = wrapper.framework; name = AudioToolbox.framework; path = System/Library/Frameworks/AudioToolbox.framework; sourceTree = SDKROOT; };
		EAC4E58112D2B25D00876E1D /* MediaPlayer.framework */ = {isa = PBXFileReference; lastKnownFileType = wrapper.framework; name = MediaPlayer.framework; path = System/Library/Frameworks/MediaPlayer.framework; sourceTree = SDKROOT; };
		EAC4E58512D2B26C00876E1D /* MessageUI.framework */ = {isa = PBXFileReference; lastKnownFileType = wrapper.framework; name = MessageUI.framework; path = System/Library/Frameworks/MessageUI.framework; sourceTree = SDKROOT; };
		EAC4E58A12D2B29600876E1D /* CDataScanner.h */ = {isa = PBXFileReference; fileEncoding = 4; lastKnownFileType = sourcecode.c.h; path = CDataScanner.h; sourceTree = "<group>"; };
		EAC4E58B12D2B29600876E1D /* CDataScanner.m */ = {isa = PBXFileReference; fileEncoding = 4; lastKnownFileType = sourcecode.c.objc; path = CDataScanner.m; sourceTree = "<group>"; };
		EAC4E58D12D2B29600876E1D /* CDataScanner_Extensions.h */ = {isa = PBXFileReference; fileEncoding = 4; lastKnownFileType = sourcecode.c.h; path = CDataScanner_Extensions.h; sourceTree = "<group>"; };
		EAC4E58E12D2B29600876E1D /* CDataScanner_Extensions.m */ = {isa = PBXFileReference; fileEncoding = 4; lastKnownFileType = sourcecode.c.objc; path = CDataScanner_Extensions.m; sourceTree = "<group>"; };
		EAC4E58F12D2B29600876E1D /* NSCharacterSet_Extensions.h */ = {isa = PBXFileReference; fileEncoding = 4; lastKnownFileType = sourcecode.c.h; path = NSCharacterSet_Extensions.h; sourceTree = "<group>"; };
		EAC4E59012D2B29600876E1D /* NSCharacterSet_Extensions.m */ = {isa = PBXFileReference; fileEncoding = 4; lastKnownFileType = sourcecode.c.objc; path = NSCharacterSet_Extensions.m; sourceTree = "<group>"; };
		EAC4E59112D2B29600876E1D /* NSDictionary_JSONExtensions.h */ = {isa = PBXFileReference; fileEncoding = 4; lastKnownFileType = sourcecode.c.h; path = NSDictionary_JSONExtensions.h; sourceTree = "<group>"; };
		EAC4E59212D2B29600876E1D /* NSDictionary_JSONExtensions.m */ = {isa = PBXFileReference; fileEncoding = 4; lastKnownFileType = sourcecode.c.objc; path = NSDictionary_JSONExtensions.m; sourceTree = "<group>"; };
		EAC4E59312D2B29600876E1D /* NSScanner_Extensions.h */ = {isa = PBXFileReference; fileEncoding = 4; lastKnownFileType = sourcecode.c.h; path = NSScanner_Extensions.h; sourceTree = "<group>"; };
		EAC4E59412D2B29600876E1D /* NSScanner_Extensions.m */ = {isa = PBXFileReference; fileEncoding = 4; lastKnownFileType = sourcecode.c.objc; path = NSScanner_Extensions.m; sourceTree = "<group>"; };
		EAC4E59612D2B29600876E1D /* CJSONDataSerializer.h */ = {isa = PBXFileReference; fileEncoding = 4; lastKnownFileType = sourcecode.c.h; path = CJSONDataSerializer.h; sourceTree = "<group>"; };
		EAC4E59712D2B29600876E1D /* CJSONDataSerializer.m */ = {isa = PBXFileReference; fileEncoding = 4; lastKnownFileType = sourcecode.c.objc; path = CJSONDataSerializer.m; sourceTree = "<group>"; };
		EAC4E59812D2B29600876E1D /* CJSONDeserializer.h */ = {isa = PBXFileReference; fileEncoding = 4; lastKnownFileType = sourcecode.c.h; path = CJSONDeserializer.h; sourceTree = "<group>"; };
		EAC4E59912D2B29600876E1D /* CJSONDeserializer.m */ = {isa = PBXFileReference; fileEncoding = 4; lastKnownFileType = sourcecode.c.objc; path = CJSONDeserializer.m; sourceTree = "<group>"; };
		EAC4E59A12D2B29600876E1D /* CJSONScanner.h */ = {isa = PBXFileReference; fileEncoding = 4; lastKnownFileType = sourcecode.c.h; path = CJSONScanner.h; sourceTree = "<group>"; };
		EAC4E59B12D2B29600876E1D /* CJSONScanner.m */ = {isa = PBXFileReference; fileEncoding = 4; lastKnownFileType = sourcecode.c.objc; path = CJSONScanner.m; sourceTree = "<group>"; };
		EAC4E59C12D2B29600876E1D /* CJSONSerializer.h */ = {isa = PBXFileReference; fileEncoding = 4; lastKnownFileType = sourcecode.c.h; path = CJSONSerializer.h; sourceTree = "<group>"; };
		EAC4E59D12D2B29600876E1D /* CJSONSerializer.m */ = {isa = PBXFileReference; fileEncoding = 4; lastKnownFileType = sourcecode.c.objc; path = CJSONSerializer.m; sourceTree = "<group>"; };
		EAC4E59E12D2B29600876E1D /* CSerializedJSONData.h */ = {isa = PBXFileReference; fileEncoding = 4; lastKnownFileType = sourcecode.c.h; path = CSerializedJSONData.h; sourceTree = "<group>"; };
		EAC4E59F12D2B29600876E1D /* CSerializedJSONData.m */ = {isa = PBXFileReference; fileEncoding = 4; lastKnownFileType = sourcecode.c.objc; path = CSerializedJSONData.m; sourceTree = "<group>"; };
		EAC4E5B512D2B46C00876E1D /* AdMobDelegate.h */ = {isa = PBXFileReference; fileEncoding = 4; lastKnownFileType = sourcecode.c.h; path = AdMobDelegate.h; sourceTree = "<group>"; };
		EAC4E5B612D2B46C00876E1D /* AdMobDelegate.m */ = {isa = PBXFileReference; fileEncoding = 4; lastKnownFileType = sourcecode.c.objc; path = AdMobDelegate.m; sourceTree = "<group>"; };
		EAC4E62D12D2C74B00876E1D /* Entitlements.plist */ = {isa = PBXFileReference; fileEncoding = 4; lastKnownFileType = text.plist.xml; path = Entitlements.plist; sourceTree = "<group>"; };
		EAC4E67512D2D73500876E1D /* hsimage.png */ = {isa = PBXFileReference; lastKnownFileType = image.png; name = hsimage.png; path = Classes/hsimage.png; sourceTree = "<group>"; };
/* End PBXFileReference section */

/* Begin PBXFrameworksBuildPhase section */
		1D60588F0D05DD3D006BFB54 /* Frameworks */ = {
			isa = PBXFrameworksBuildPhase;
			buildActionMask = 2147483647;
			files = (
				1D60589F0D05DD5A006BFB54 /* Foundation.framework in Frameworks */,
				1DF5F4E00D08C38300B7A737 /* UIKit.framework in Frameworks */,
				288765A50DF7441C002DB57D /* CoreGraphics.framework in Frameworks */,
				EABBF7C712BDA191000AE181 /* QuartzCore.framework in Frameworks */,
				EA13550D12C556F30098A3CB /* iAd.framework in Frameworks */,
				EA1355E912C563D40098A3CB /* CFNetwork.framework in Frameworks */,
				EA1355ED12C563DD0098A3CB /* SystemConfiguration.framework in Frameworks */,
				EAC4E56E12D2B23100876E1D /* libAdMob.a in Frameworks */,
				EAC4E57E12D2B24B00876E1D /* AudioToolbox.framework in Frameworks */,
				EAC4E58212D2B25D00876E1D /* MediaPlayer.framework in Frameworks */,
				EAC4E58612D2B26C00876E1D /* MessageUI.framework in Frameworks */,
			);
			runOnlyForDeploymentPostprocessing = 0;
		};
/* End PBXFrameworksBuildPhase section */

/* Begin PBXGroup section */
		080E96DDFE201D6D7F000001 /* Classes */ = {
			isa = PBXGroup;
			children = (
				EA68CFBC1388CADD00FDA429 /* Extra */,
				1D3623240D0F684500981E51 /* FalldownAppDelegate.h */,
				1D3623250D0F684500981E51 /* FalldownAppDelegate.m */,
				EA7CD01C1212F6F600DAABD6 /* Game.h */,
				EA7CD01D1212F6F600DAABD6 /* Game.m */,
				EAA248F812BAD12F00A141BE /* Block.h */,
				EAA248F912BAD12F00A141BE /* Block.m */,
				EA8F5D8A139AADA40064556A /* Achievements.h */,
				EA8F5D8B139AADA40064556A /* Achievements.m */,
				EA03C95612C1846F00831769 /* PowerUp.h */,
				EA03C95712C1846F00831769 /* PowerUp.m */,
				EA8C959412CF9B78002CF904 /* highScores.h */,
				EA8C959512CF9B78002CF904 /* highScores.m */,
				EA8C956712CF903A002CF904 /* scoreEntry.h */,
				EA8C956812CF903A002CF904 /* scoreEntry.m */,
				EAC4E62D12D2C74B00876E1D /* Entitlements.plist */,
			);
			path = Classes;
			sourceTree = "<group>";
		};
		19C28FACFE9D520D11CA2CBB /* Products */ = {
			isa = PBXGroup;
			children = (
				EA8BA96312C062C100986E43 /* Falldown.app */,
			);
			name = Products;
			sourceTree = "<group>";
		};
		29B97314FDCFA39411CA2CEA /* CustomTemplate */ = {
			isa = PBXGroup;
			children = (
				EA929260139BDC5A00E2E93C /* Deployed */,
				EAC4E58912D2B29600876E1D /* TouchJSON */,
				EAC4E56812D2B23100876E1D /* AdMob */,
				080E96DDFE201D6D7F000001 /* Classes */,
				29B97315FDCFA39411CA2CEA /* Other Sources */,
				29B97317FDCFA39411CA2CEA /* Resources */,
				29B97323FDCFA39411CA2CEA /* Frameworks */,
				19C28FACFE9D520D11CA2CBB /* Products */,
			);
			name = CustomTemplate;
			sourceTree = "<group>";
		};
		29B97315FDCFA39411CA2CEA /* Other Sources */ = {
			isa = PBXGroup;
			children = (
				32CA4F630368D1EE00C91783 /* Falldown_Prefix.pch */,
				29B97316FDCFA39411CA2CEA /* main.m */,
			);
			name = "Other Sources";
			sourceTree = "<group>";
		};
		29B97317FDCFA39411CA2CEA /* Resources */ = {
			isa = PBXGroup;
			children = (
				EA8AF21E12E1F6F3001B6AB0 /* Buttons */,
				EA8AF21D12E1F679001B6AB0 /* Options-HOF */,
				EA8AF21C12E1F616001B6AB0 /* 2x-Images */,
				EA8AF21B12E1F600001B6AB0 /* Gameplay */,
				EA8AF21A12E1F5F4001B6AB0 /* Main Menu */,
				2899E5210DE3E06400AC0155 /* FalldownViewController.xib */,
				EAB41A0112C65F060006F3C6 /* Icon.png */,
				EAA614BF12D17C3C00C5071D /* gf.png */,
				EAA614B112D17B2700C5071D /* loadscreen.png */,
				28AD733E0D9D9553002E5188 /* MainWindow.xib */,
				8D1107310486CEB800E47090 /* Falldown-Info.plist */,
			);
			name = Resources;
			sourceTree = "<group>";
		};
		29B97323FDCFA39411CA2CEA /* Frameworks */ = {
			isa = PBXGroup;
			children = (
				EA13550C12C556F30098A3CB /* iAd.framework */,
				1DF5F4DF0D08C38300B7A737 /* UIKit.framework */,
				1D30AB110D05D00D00671497 /* Foundation.framework */,
				288765A40DF7441C002DB57D /* CoreGraphics.framework */,
				EABBF7C612BDA191000AE181 /* QuartzCore.framework */,
				EA1355E812C563D40098A3CB /* CFNetwork.framework */,
				EA1355EC12C563DD0098A3CB /* SystemConfiguration.framework */,
				EAC4E57D12D2B24B00876E1D /* AudioToolbox.framework */,
				EAC4E58112D2B25D00876E1D /* MediaPlayer.framework */,
				EAC4E58512D2B26C00876E1D /* MessageUI.framework */,
			);
			name = Frameworks;
			sourceTree = "<group>";
		};
		EA68CFBC1388CADD00FDA429 /* Extra */ = {
			isa = PBXGroup;
			children = (
				EAC4E5B512D2B46C00876E1D /* AdMobDelegate.h */,
				EAC4E5B612D2B46C00876E1D /* AdMobDelegate.m */,
				EA1355BA12C5616F0098A3CB /* Appirater.h */,
				EA1355BB12C5616F0098A3CB /* Appirater.m */,
				EA13551B12C557C70098A3CB /* AdViewControl.h */,
				EA13551C12C557C70098A3CB /* AdViewControl.m */,
			);
			name = Extra;
			sourceTree = "<group>";
		};
		EA8AF21A12E1F5F4001B6AB0 /* Main Menu */ = {
			isa = PBXGroup;
			children = (
				EA8F5D99139ABFC60064556A /* Achievements.png */,
				EA8F5DAD139AC2540064556A /* Tilt.png */,
				EA92926B139BDE9500E2E93C /* Close.png */,
				EA92927F139BE08E00E2E93C /* Apple.png */,
				EA8F5DA9139AC1F80064556A /* Main-Menu-Background.png */,
				EA929287139BE5ED00E2E93C /* Download.png */,
				EA929258139BD24800E2E93C /* Medium.png */,
				EA92927B139BE07400E2E93C /* Twitter.png */,
				EA929273139BE02D00E2E93C /* GF-Button.png */,
				EA929283139BE13C00E2E93C /* GF-Apps.png */,
				EA92924C139BD09A00E2E93C /* High-Score-Background-Right.png */,
				EA929277139BE06300E2E93C /* Facebook.png */,
				EA92926F139BDFEE00E2E93C /* GF-Online.png */,
				EA929250139BD21C00E2E93C /* Easy.png */,
				EA929254139BD22A00E2E93C /* Hard.png */,
				EA8F5DB1139AC2B40064556A /* Tilt-Blue.png */,
				EA929267139BDE4000E2E93C /* Deployed-Background.png */,
				EA92925C139BD34300E2E93C /* View-Scores.png */,
				EA8F5DBD139AC48C0064556A /* More.png */,
				EA929248139BD08200E2E93C /* High-Score-Background-Middle.png */,
				EA9887BE139BCD650013A2A3 /* High-Score-Background-Left.png */,
				EA929244139BCFF400E2E93C /* Back.png */,
				EA8F5DB9139AC3070064556A /* Touch-Blue.png */,
				EA8F5DB5139AC2F30064556A /* Touch.png */,
				EA8F5DA5139AC1730064556A /* Options-Colored.png */,
				EA8F5DA1139AC1560064556A /* Options.png */,
				EA8F5D9D139AC0C10064556A /* Achievements-Colored.png */,
			);
			name = "Main Menu";
			sourceTree = "<group>";
		};
		EA8AF21B12E1F600001B6AB0 /* Gameplay */ = {
			isa = PBXGroup;
			children = (
				EA8AF31612E21EA0001B6AB0 /* High-Score-Icon.png */,
				EA8DD60C134545CB001F43A7 /* Clouds-Background2.png */,
				EA38219912C6905600572858 /* time.png */,
				EA8AF33012E21F37001B6AB0 /* Score-display.png */,
				EA5C4EAA12C124B600C7915A /* block1.png */,
				EA3821E512C6A90400572858 /* glowball.png */,
				EA8AF2A212E200CA001B6AB0 /* Clouds-Background.png */,
				EA8AF32E12E21F17001B6AB0 /* Pause2.png */,
				EA38219512C68C9100572858 /* speed.png */,
				EAAC4FCE12C2946B00B417CA /* rball.png */,
				EAA6148212D16AAD00C5071D /* pause.png */,
				EA3821A512C695D500572858 /* plus.png */,
			);
			name = Gameplay;
			sourceTree = "<group>";
		};
		EA8AF21C12E1F616001B6AB0 /* 2x-Images */ = {
			isa = PBXGroup;
			children = (
				EA8F5D9B139AC0350064556A /* Achievements@2x.png */,
				EA92926D139BDE9D00E2E93C /* Close@2x.png */,
				EA929289139BE5F700E2E93C /* Download@2x.png */,
				EA8AF2A412E200D1001B6AB0 /* Clouds-Background@2x.png */,
				EA8F5DA7139AC17C0064556A /* Options-Colored@2x.png */,
				EA92924A139BD08C00E2E93C /* High-Score-Background-Middle@2x.png */,
				EA929246139BD00100E2E93C /* Back@2x.png */,
				EA929269139BDE4A00E2E93C /* Deployed-Background@2x.png */,
				EA8F5DAB139AC1FE0064556A /* Main-Menu-Background@2x.png */,
				EA92924E139BD0A000E2E93C /* High-Score-Background-Right@2x.png */,
				EA8DD60A134545C4001F43A7 /* Clouds-Background2@2x.png */,
				EA8F5DA3139AC16B0064556A /* Options@2x.png */,
				EA929252139BD22300E2E93C /* Easy@2x.png */,
				EA8F5DAF139AC2590064556A /* Tilt@2x.png */,
				EA8F5DB7139AC2F80064556A /* Touch@2x.png */,
				EA929256139BD23000E2E93C /* Hard@2x.png */,
				EA92925E139BD34A00E2E93C /* View-Scores@2x.png */,
				EA929275139BE03200E2E93C /* GF-Button@2x.png */,
				EA929285139BE14000E2E93C /* GF-Apps@2x.png */,
				EA8F5DBB139AC30D0064556A /* Touch-Blue@2x.png */,
				EA92925A139BD24F00E2E93C /* Medium@2x.png */,
				EA92927D139BE07A00E2E93C /* Twitter@2x.png */,
				EA929279139BE06800E2E93C /* Facebook@2x.png */,
				EA929281139BE09200E2E93C /* Apple@2x.png */,
				EA8F5D9F139AC0CD0064556A /* Achievements-Colored@2x.png */,
				EA8DD66C134557D2001F43A7 /* Background@2x.png */,
				EA929271139BDFF300E2E93C /* GF-Online@2x.png */,
				EA9887C0139BCD6B0013A2A3 /* High-Score-Background-Left@2x.png */,
				EA97E6E912D8D7CA0075F907 /* highscore2@2x.png */,
				EA8F5DB3139AC2BC0064556A /* Tilt-Blue@2x.png */,
				EA8F5DBF139AC4930064556A /* More@2x.png */,
				EA97E6A712D8D24A0075F907 /* mountain@2x.png */,
				EA97E6E512D8D6580075F907 /* Scoretop@2x.png */,
				EAA6145312D14ED200C5071D /* Icon@2x.png */,
				EA97E67412D8CD500075F907 /* Cloud-Background@2x.png */,
			);
			name = "2x-Images";
			sourceTree = "<group>";
		};
		EA8AF21D12E1F679001B6AB0 /* Options-HOF */ = {
			isa = PBXGroup;
			children = (
				EAC4E67512D2D73500876E1D /* hsimage.png */,
				EAA6147C12D168AE00C5071D /* hallback.png */,
			);
			name = "Options-HOF";
			sourceTree = "<group>";
		};
		EA8AF21E12E1F6F3001B6AB0 /* Buttons */ = {
			isa = PBXGroup;
			children = (
				EAA6144D12D1449500C5071D /* done.png */,
				EA8C97BF12D02EEB002CF904 /* submit.png */,
				EAB41A0A12C664010006F3C6 /* select.png */,
				EAB41A0E12C664D90006F3C6 /* restart.png */,
			);
			name = Buttons;
			sourceTree = "<group>";
		};
		EA929260139BDC5A00E2E93C /* Deployed */ = {
			isa = PBXGroup;
			children = (
				EA929261139BDC8900E2E93C /* GameScroll.h */,
				EA929262139BDC8900E2E93C /* GameScroll.m */,
				EA929264139BDD7F00E2E93C /* DeployView.h */,
				EA929265139BDD7F00E2E93C /* DeployView.m */,
			);
			name = Deployed;
			sourceTree = "<group>";
		};
		EAC4E56812D2B23100876E1D /* AdMob */ = {
			isa = PBXGroup;
			children = (
				EAC4E56912D2B23100876E1D /* AdMobDelegateProtocol.h */,
				EAC4E56A12D2B23100876E1D /* AdMobInterstitialAd.h */,
				EAC4E56B12D2B23100876E1D /* AdMobInterstitialDelegateProtocol.h */,
				EAC4E56C12D2B23100876E1D /* AdMobView.h */,
				EAC4E56D12D2B23100876E1D /* libAdMob.a */,
			);
			path = AdMob;
			sourceTree = "<group>";
		};
		EAC4E58912D2B29600876E1D /* TouchJSON */ = {
			isa = PBXGroup;
			children = (
				EAC4E58A12D2B29600876E1D /* CDataScanner.h */,
				EAC4E58B12D2B29600876E1D /* CDataScanner.m */,
				EAC4E58C12D2B29600876E1D /* Extensions */,
				EAC4E59512D2B29600876E1D /* JSON */,
			);
			path = TouchJSON;
			sourceTree = "<group>";
		};
		EAC4E58C12D2B29600876E1D /* Extensions */ = {
			isa = PBXGroup;
			children = (
				EAC4E58D12D2B29600876E1D /* CDataScanner_Extensions.h */,
				EAC4E58E12D2B29600876E1D /* CDataScanner_Extensions.m */,
				EAC4E58F12D2B29600876E1D /* NSCharacterSet_Extensions.h */,
				EAC4E59012D2B29600876E1D /* NSCharacterSet_Extensions.m */,
				EAC4E59112D2B29600876E1D /* NSDictionary_JSONExtensions.h */,
				EAC4E59212D2B29600876E1D /* NSDictionary_JSONExtensions.m */,
				EAC4E59312D2B29600876E1D /* NSScanner_Extensions.h */,
				EAC4E59412D2B29600876E1D /* NSScanner_Extensions.m */,
			);
			path = Extensions;
			sourceTree = "<group>";
		};
		EAC4E59512D2B29600876E1D /* JSON */ = {
			isa = PBXGroup;
			children = (
				EAC4E59612D2B29600876E1D /* CJSONDataSerializer.h */,
				EAC4E59712D2B29600876E1D /* CJSONDataSerializer.m */,
				EAC4E59812D2B29600876E1D /* CJSONDeserializer.h */,
				EAC4E59912D2B29600876E1D /* CJSONDeserializer.m */,
				EAC4E59A12D2B29600876E1D /* CJSONScanner.h */,
				EAC4E59B12D2B29600876E1D /* CJSONScanner.m */,
				EAC4E59C12D2B29600876E1D /* CJSONSerializer.h */,
				EAC4E59D12D2B29600876E1D /* CJSONSerializer.m */,
				EAC4E59E12D2B29600876E1D /* CSerializedJSONData.h */,
				EAC4E59F12D2B29600876E1D /* CSerializedJSONData.m */,
			);
			path = JSON;
			sourceTree = "<group>";
		};
/* End PBXGroup section */

/* Begin PBXNativeTarget section */
		1D6058900D05DD3D006BFB54 /* Falldown */ = {
			isa = PBXNativeTarget;
			buildConfigurationList = 1D6058960D05DD3E006BFB54 /* Build configuration list for PBXNativeTarget "Falldown" */;
			buildPhases = (
				1D60588D0D05DD3D006BFB54 /* Resources */,
				1D60588E0D05DD3D006BFB54 /* Sources */,
				1D60588F0D05DD3D006BFB54 /* Frameworks */,
			);
			buildRules = (
			);
			dependencies = (
			);
			name = Falldown;
			productName = Falldown;
			productReference = EA8BA96312C062C100986E43 /* Falldown.app */;
			productType = "com.apple.product-type.application";
		};
/* End PBXNativeTarget section */

/* Begin PBXProject section */
		29B97313FDCFA39411CA2CEA /* Project object */ = {
			isa = PBXProject;
			buildConfigurationList = C01FCF4E08A954540054247B /* Build configuration list for PBXProject "Falldown" */;
			compatibilityVersion = "Xcode 3.1";
			developmentRegion = English;
			hasScannedForEncodings = 1;
			knownRegions = (
				English,
				Japanese,
				French,
				German,
			);
			mainGroup = 29B97314FDCFA39411CA2CEA /* CustomTemplate */;
			projectDirPath = "";
			projectRoot = "";
			targets = (
				1D6058900D05DD3D006BFB54 /* Falldown */,
			);
		};
/* End PBXProject section */

/* Begin PBXResourcesBuildPhase section */
		1D60588D0D05DD3D006BFB54 /* Resources */ = {
			isa = PBXResourcesBuildPhase;
			buildActionMask = 2147483647;
			files = (
				28AD733F0D9D9553002E5188 /* MainWindow.xib in Resources */,
				2899E5220DE3E06400AC0155 /* FalldownViewController.xib in Resources */,
				EA5C4EAB12C124B600C7915A /* block1.png in Resources */,
				EAAC4FCF12C2946B00B417CA /* rball.png in Resources */,
				EAB41A0212C65F060006F3C6 /* Icon.png in Resources */,
				EAB41A0B12C664010006F3C6 /* select.png in Resources */,
				EAB41A0F12C664D90006F3C6 /* restart.png in Resources */,
				EA38219612C68C9100572858 /* speed.png in Resources */,
				EA38219A12C6905600572858 /* time.png in Resources */,
				EA3821A612C695D500572858 /* plus.png in Resources */,
				EA3821E612C6A90400572858 /* glowball.png in Resources */,
				EA8C97C012D02EEB002CF904 /* submit.png in Resources */,
				EAA6144E12D1449500C5071D /* done.png in Resources */,
				EAA6145412D14ED200C5071D /* Icon@2x.png in Resources */,
				EAA6147D12D168AE00C5071D /* hallback.png in Resources */,
				EAA6148312D16AAD00C5071D /* pause.png in Resources */,
				EAA614B212D17B2700C5071D /* loadscreen.png in Resources */,
				EAA614C012D17C3C00C5071D /* gf.png in Resources */,
				EAC4E67612D2D73500876E1D /* hsimage.png in Resources */,
				EA97E67512D8CD500075F907 /* Cloud-Background@2x.png in Resources */,
				EA97E6A812D8D24A0075F907 /* mountain@2x.png in Resources */,
				EA97E6E612D8D6580075F907 /* Scoretop@2x.png in Resources */,
				EA97E6EA12D8D7CA0075F907 /* highscore2@2x.png in Resources */,
				EA8AF2A312E200CA001B6AB0 /* Clouds-Background.png in Resources */,
				EA8AF2A512E200D1001B6AB0 /* Clouds-Background@2x.png in Resources */,
				EA8AF31712E21EA0001B6AB0 /* High-Score-Icon.png in Resources */,
				EA8AF32F12E21F17001B6AB0 /* Pause2.png in Resources */,
				EA8AF33112E21F37001B6AB0 /* Score-display.png in Resources */,
				EA8DD60B134545C4001F43A7 /* Clouds-Background2@2x.png in Resources */,
				EA8DD60D134545CB001F43A7 /* Clouds-Background2.png in Resources */,
				EA8DD66D134557D2001F43A7 /* Background@2x.png in Resources */,
				EA8F5D9A139ABFC60064556A /* Achievements.png in Resources */,
				EA8F5D9C139AC0350064556A /* Achievements@2x.png in Resources */,
				EA8F5D9E139AC0C10064556A /* Achievements-Colored.png in Resources */,
				EA8F5DA0139AC0CE0064556A /* Achievements-Colored@2x.png in Resources */,
				EA8F5DA2139AC1560064556A /* Options.png in Resources */,
				EA8F5DA4139AC16B0064556A /* Options@2x.png in Resources */,
				EA8F5DA6139AC1730064556A /* Options-Colored.png in Resources */,
				EA8F5DA8139AC17C0064556A /* Options-Colored@2x.png in Resources */,
				EA8F5DAA139AC1F80064556A /* Main-Menu-Background.png in Resources */,
				EA8F5DAC139AC2000064556A /* Main-Menu-Background@2x.png in Resources */,
				EA8F5DAE139AC2540064556A /* Tilt.png in Resources */,
				EA8F5DB0139AC25A0064556A /* Tilt@2x.png in Resources */,
				EA8F5DB2139AC2B40064556A /* Tilt-Blue.png in Resources */,
				EA8F5DB4139AC2BC0064556A /* Tilt-Blue@2x.png in Resources */,
				EA8F5DB6139AC2F30064556A /* Touch.png in Resources */,
				EA8F5DB8139AC2F80064556A /* Touch@2x.png in Resources */,
				EA8F5DBA139AC3080064556A /* Touch-Blue.png in Resources */,
				EA8F5DBC139AC30D0064556A /* Touch-Blue@2x.png in Resources */,
				EA8F5DBE139AC48C0064556A /* More.png in Resources */,
				EA8F5DC0139AC4940064556A /* More@2x.png in Resources */,
				EA9887BF139BCD650013A2A3 /* High-Score-Background-Left.png in Resources */,
				EA9887C1139BCD6B0013A2A3 /* High-Score-Background-Left@2x.png in Resources */,
				EA929245139BCFF400E2E93C /* Back.png in Resources */,
				EA929247139BD00100E2E93C /* Back@2x.png in Resources */,
				EA929249139BD08200E2E93C /* High-Score-Background-Middle.png in Resources */,
				EA92924B139BD08C00E2E93C /* High-Score-Background-Middle@2x.png in Resources */,
				EA92924D139BD09A00E2E93C /* High-Score-Background-Right.png in Resources */,
				EA92924F139BD0A000E2E93C /* High-Score-Background-Right@2x.png in Resources */,
				EA929251139BD21C00E2E93C /* Easy.png in Resources */,
				EA929253139BD22300E2E93C /* Easy@2x.png in Resources */,
				EA929255139BD22A00E2E93C /* Hard.png in Resources */,
				EA929257139BD23000E2E93C /* Hard@2x.png in Resources */,
				EA929259139BD24800E2E93C /* Medium.png in Resources */,
				EA92925B139BD24F00E2E93C /* Medium@2x.png in Resources */,
				EA92925D139BD34300E2E93C /* View-Scores.png in Resources */,
				EA92925F139BD34A00E2E93C /* View-Scores@2x.png in Resources */,
				EA929268139BDE4000E2E93C /* Deployed-Background.png in Resources */,
				EA92926A139BDE4A00E2E93C /* Deployed-Background@2x.png in Resources */,
				EA92926C139BDE9500E2E93C /* Close.png in Resources */,
				EA92926E139BDE9D00E2E93C /* Close@2x.png in Resources */,
				EA929270139BDFEE00E2E93C /* GF-Online.png in Resources */,
				EA929272139BDFF300E2E93C /* GF-Online@2x.png in Resources */,
				EA929274139BE02D00E2E93C /* GF-Button.png in Resources */,
				EA929276139BE03200E2E93C /* GF-Button@2x.png in Resources */,
				EA929278139BE06300E2E93C /* Facebook.png in Resources */,
				EA92927A139BE06800E2E93C /* Facebook@2x.png in Resources */,
				EA92927C139BE07400E2E93C /* Twitter.png in Resources */,
				EA92927E139BE07A00E2E93C /* Twitter@2x.png in Resources */,
				EA929280139BE08E00E2E93C /* Apple.png in Resources */,
				EA929282139BE09200E2E93C /* Apple@2x.png in Resources */,
				EA929284139BE13C00E2E93C /* GF-Apps.png in Resources */,
				EA929286139BE14000E2E93C /* GF-Apps@2x.png in Resources */,
				EA929288139BE5ED00E2E93C /* Download.png in Resources */,
				EA92928A139BE5F700E2E93C /* Download@2x.png in Resources */,
			);
			runOnlyForDeploymentPostprocessing = 0;
		};
/* End PBXResourcesBuildPhase section */

/* Begin PBXSourcesBuildPhase section */
		1D60588E0D05DD3D006BFB54 /* Sources */ = {
			isa = PBXSourcesBuildPhase;
			buildActionMask = 2147483647;
			files = (
				1D60589B0D05DD56006BFB54 /* main.m in Sources */,
				1D3623260D0F684500981E51 /* FalldownAppDelegate.m in Sources */,
				EA7CD01E1212F6F600DAABD6 /* Game.m in Sources */,
				EAA248FA12BAD12F00A141BE /* Block.m in Sources */,
				EA03C95812C1846F00831769 /* PowerUp.m in Sources */,
				EA13551D12C557C70098A3CB /* AdViewControl.m in Sources */,
				EA1355BC12C5616F0098A3CB /* Appirater.m in Sources */,
				EA8C956912CF903A002CF904 /* scoreEntry.m in Sources */,
				EA8C959612CF9B78002CF904 /* highScores.m in Sources */,
				EAC4E5A012D2B29600876E1D /* CDataScanner.m in Sources */,
				EAC4E5A112D2B29600876E1D /* CDataScanner_Extensions.m in Sources */,
				EAC4E5A212D2B29600876E1D /* NSCharacterSet_Extensions.m in Sources */,
				EAC4E5A312D2B29600876E1D /* NSDictionary_JSONExtensions.m in Sources */,
				EAC4E5A412D2B29600876E1D /* NSScanner_Extensions.m in Sources */,
				EAC4E5A512D2B29600876E1D /* CJSONDataSerializer.m in Sources */,
				EAC4E5A612D2B29600876E1D /* CJSONDeserializer.m in Sources */,
				EAC4E5A712D2B29600876E1D /* CJSONScanner.m in Sources */,
				EAC4E5A812D2B29600876E1D /* CJSONSerializer.m in Sources */,
				EAC4E5A912D2B29600876E1D /* CSerializedJSONData.m in Sources */,
				EAC4E5B712D2B46C00876E1D /* AdMobDelegate.m in Sources */,
				EA8F5D8C139AADA40064556A /* Achievements.m in Sources */,
				EA929263139BDC8900E2E93C /* GameScroll.m in Sources */,
				EA929266139BDD7F00E2E93C /* DeployView.m in Sources */,
			);
			runOnlyForDeploymentPostprocessing = 0;
		};
/* End PBXSourcesBuildPhase section */

/* Begin XCBuildConfiguration section */
		1D6058940D05DD3E006BFB54 /* Debug */ = {
			isa = XCBuildConfiguration;
			buildSettings = {
				ALWAYS_SEARCH_USER_PATHS = NO;
				CODE_SIGN_ENTITLEMENTS = "~/Documents/Falldown/Classes/Entitlements.plist";
				CODE_SIGN_IDENTITY = "iPhone Developer";
				"CODE_SIGN_IDENTITY[sdk=iphoneos*]" = "iPhone Developer";
				COPY_PHASE_STRIP = NO;
				GCC_DYNAMIC_NO_PIC = NO;
				GCC_OPTIMIZATION_LEVEL = 0;
				GCC_PRECOMPILE_PREFIX_HEADER = YES;
				GCC_PREFIX_HEADER = Falldown_Prefix.pch;
				INFOPLIST_FILE = "Falldown-Info.plist";
				LIBRARY_SEARCH_PATHS = (
					"$(inherited)",
					"\"$(SRCROOT)/AdMob\"",
				);
				PRODUCT_NAME = Falldown;
				PROVISIONING_PROFILE = "";
				"PROVISIONING_PROFILE[sdk=iphoneos*]" = "";
			};
			name = Debug;
		};
		1D6058950D05DD3E006BFB54 /* Release */ = {
			isa = XCBuildConfiguration;
			buildSettings = {
				ALWAYS_SEARCH_USER_PATHS = NO;
				CODE_SIGN_ENTITLEMENTS = "~/Documents/Falldown/Classes/Entitlements.plist";
				CODE_SIGN_IDENTITY = "iPhone Distribution";
				"CODE_SIGN_IDENTITY[sdk=iphoneos*]" = "iPhone Distribution";
				COPY_PHASE_STRIP = YES;
				GCC_PRECOMPILE_PREFIX_HEADER = YES;
				GCC_PREFIX_HEADER = Falldown_Prefix.pch;
				INFOPLIST_FILE = "Falldown-Info.plist";
				LIBRARY_SEARCH_PATHS = (
					"$(inherited)",
					"\"$(SRCROOT)/AdMob\"",
				);
				PRODUCT_NAME = Falldown;
				PROVISIONING_PROFILE = "";
				"PROVISIONING_PROFILE[sdk=iphoneos*]" = "";
				VALIDATE_PRODUCT = YES;
			};
			name = Release;
		};
		C01FCF4F08A954540054247B /* Debug */ = {
			isa = XCBuildConfiguration;
			buildSettings = {
				ARCHS = "$(ARCHS_STANDARD_32_BIT)";
				CODE_SIGN_ENTITLEMENTS = "";
				CODE_SIGN_IDENTITY = "iPhone Distribution";
				"CODE_SIGN_IDENTITY[sdk=iphoneos*]" = "iPhone Distribution";
				GCC_C_LANGUAGE_STANDARD = c99;
				GCC_WARN_ABOUT_RETURN_TYPE = YES;
				GCC_WARN_UNUSED_VARIABLE = YES;
				IPHONEOS_DEPLOYMENT_TARGET = 3.0;
				PREBINDING = NO;
				PROVISIONING_PROFILE = "";
				"PROVISIONING_PROFILE[sdk=iphoneos*]" = "";
				SDKROOT = iphoneos4.2;
			};
			name = Debug;
		};
		C01FCF5008A954540054247B /* Release */ = {
			isa = XCBuildConfiguration;
			buildSettings = {
				ARCHS = "$(ARCHS_STANDARD_32_BIT)";
				CODE_SIGN_ENTITLEMENTS = "";
				CODE_SIGN_IDENTITY = "iPhone Distribution";
				"CODE_SIGN_IDENTITY[sdk=iphoneos*]" = "iPhone Distribution";
				GCC_C_LANGUAGE_STANDARD = c99;
				GCC_WARN_ABOUT_RETURN_TYPE = YES;
				GCC_WARN_UNUSED_VARIABLE = YES;
				IPHONEOS_DEPLOYMENT_TARGET = 3.0;
				OTHER_CFLAGS = "-DNS_BLOCK_ASSERTIONS=1";
				PREBINDING = NO;
				PROVISIONING_PROFILE = "";
				"PROVISIONING_PROFILE[sdk=iphoneos*]" = "";
				SDKROOT = iphoneos4.2;
			};
			name = Release;
		};
		EA8AF30F12E212A2001B6AB0 /* AdHoc */ = {
			isa = XCBuildConfiguration;
			buildSettings = {
				ARCHS = "$(ARCHS_STANDARD_32_BIT)";
				CODE_SIGN_ENTITLEMENTS = Entitlements.plist;
				CODE_SIGN_IDENTITY = "iPhone Distribution: Jeremy Nortey";
				"CODE_SIGN_IDENTITY[sdk=iphoneos*]" = "iPhone Distribution: Jeremy Nortey";
				GCC_C_LANGUAGE_STANDARD = c99;
				GCC_WARN_ABOUT_RETURN_TYPE = YES;
				GCC_WARN_UNUSED_VARIABLE = YES;
				IPHONEOS_DEPLOYMENT_TARGET = 3.0;
				PREBINDING = NO;
				PROVISIONING_PROFILE = "3898AEC8-C3A8-4653-9BC6-C008BD4C136C";
				"PROVISIONING_PROFILE[sdk=iphoneos*]" = "64D9A934-25DD-497D-8DBE-AB62EB7240D7";
				SDKROOT = iphoneos4.2;
			};
			name = AdHoc;
		};
		EA8AF31012E212A2001B6AB0 /* AdHoc */ = {
			isa = XCBuildConfiguration;
			buildSettings = {
				ALWAYS_SEARCH_USER_PATHS = NO;
				CODE_SIGN_ENTITLEMENTS = "~/Documents/Falldown/Classes/Entitlements.plist";
				CODE_SIGN_IDENTITY = "iPhone Developer";
				"CODE_SIGN_IDENTITY[sdk=iphoneos*]" = "iPhone Developer";
				COPY_PHASE_STRIP = NO;
				GCC_DYNAMIC_NO_PIC = NO;
				GCC_OPTIMIZATION_LEVEL = 0;
				GCC_PRECOMPILE_PREFIX_HEADER = YES;
				GCC_PREFIX_HEADER = Falldown_Prefix.pch;
				INFOPLIST_FILE = "Falldown-Info.plist";
				LIBRARY_SEARCH_PATHS = (
					"$(inherited)",
					"\"$(SRCROOT)/AdMob\"",
				);
				PRODUCT_NAME = Falldown;
				PROVISIONING_PROFILE = "";
				"PROVISIONING_PROFILE[sdk=iphoneos*]" = "";
			};
			name = AdHoc;
		};
/* End XCBuildConfiguration section */

/* Begin XCConfigurationList section */
		1D6058960D05DD3E006BFB54 /* Build configuration list for PBXNativeTarget "Falldown" */ = {
			isa = XCConfigurationList;
			buildConfigurations = (
				1D6058940D05DD3E006BFB54 /* Debug */,
				EA8AF31012E212A2001B6AB0 /* AdHoc */,
				1D6058950D05DD3E006BFB54 /* Release */,
			);
			defaultConfigurationIsVisible = 0;
			defaultConfigurationName = Release;
		};
		C01FCF4E08A954540054247B /* Build configuration list for PBXProject "Falldown" */ = {
			isa = XCConfigurationList;
			buildConfigurations = (
				C01FCF4F08A954540054247B /* Debug */,
				EA8AF30F12E212A2001B6AB0 /* AdHoc */,
				C01FCF5008A954540054247B /* Release */,
			);
			defaultConfigurationIsVisible = 0;
			defaultConfigurationName = Release;
		};
/* End XCConfigurationList section */
	};
	rootObject = 29B97313FDCFA39411CA2CEA /* Project object */;
}
